# This file is autogenerated, do not edit; changes may be undone by the next 'dep ensure'.


[[projects]]
  digest = "1:e692d16fdfbddb94e9e4886aaf6c08bdbae5cb4ac80651445de9181b371c6e46"
  name = "github.com/go-sql-driver/mysql"
  packages = ["."]
  pruneopts = ""
  revision = "72cd26f257d44c1114970e19afddcd812016007e"
  version = "v1.4.1"

[[projects]]
  branch = "master"
  digest = "1:f4216047c24ab66fb757045febd7dac4edc6f4ad9f6c0063d0755d654d04f25e"
  name = "github.com/lib/pq"
  packages = [
    ".",
    "oid",
    "scram",
  ]
  pruneopts = ""
  revision = "3427c32cb71afc948325f299f040e53c1dd78979"

[[projects]]
  digest = "1:cd4379452cc81f79acc16c477a1d1d7c2bf5807697f6cf3aafe221c4fbfed4ce"
  name = "github.com/mattn/go-sqlite3"
  packages = ["."]
  pruneopts = ""
  revision = "b612a2feea6aa87c6d052d9086572551df06497e"
  version = "v1.11.0"

[[projects]]
  digest = "1:1d7e1867c49a6dd9856598ef7c3123604ea3daabf5b83f303ff457bcbc410b1d"
  name = "github.com/pkg/errors"
  packages = ["."]
  pruneopts = ""
  revision = "ba968bfe8b2f7e042a574c888954fccecfa385b4"
  version = "v0.8.1"

[[projects]]
  digest = "1:fdbe7e05d74cc4d175cc4515a7807a5bb8b66ebe130da382b99713c9038648ae"
  name = "github.com/pressly/goose"
  packages = ["."]
  pruneopts = ""
  revision = "e4b98955473e91a12fc7d8816c28d06376d1d92c"
  version = "v2.6.0"

[[projects]]
  digest = "1:2a34b37d017e0e03a1683598ce909369e04a84bd082ccab9528dd68ed384b987"
  name = "github.com/ziutek/mymysql"
  packages = [
    "godrv",
    "mysql",
    "native",
  ]
  pruneopts = ""
  revision = "e08c2f35356576b3c3690c252fe5dca728ae9292"
  version = "v1.5.4"

[[projects]]
  digest = "1:47f391ee443f578f01168347818cb234ed819521e49e4d2c8dd2fb80d48ee41a"
  name = "google.golang.org/appengine"
  packages = ["cloudsql"]
  pruneopts = ""
  revision = "b2f4a3cf3c67576a2ee09e1fe62656a5086ce880"
  version = "v1.6.1"

[[projects]]
  digest = "1:86fa935ce8b8228ffb30f6baa423321fce9aa29ad7eff7440aa96ee6eb3b67dc"
  name = "gopkg.in/goracle.v2"
  packages = ["."]
  pruneopts = ""
  revision = "87c02ca97de71d9b06751f4075b32ef33752057a"
  version = "v2.18.2"

[solve-meta]
  analyzer-name = "dep"
  analyzer-version = 1
  input-imports = [
    "github.com/go-sql-driver/mysql",
    "github.com/lib/pq",
    "github.com/mattn/go-sqlite3",
    "github.com/pressly/goose",
    "github.com/ziutek/mymysql/godrv",
    "gopkg.in/goracle.v2",
  ]
  solver-name = "gps-cdcl"
  solver-version = 1
